
Microsoft Visual Studio Solution File, Format Version 12.00
# Visual Studio Version 17
VisualStudioVersion = 17.6.33829.357
MinimumVisualStudioVersion = 10.0.40219.1
Project("{8BC9CEB8-8B4A-11D0-8D11-00A0C91BC942}") = "test_8_22", "test_8_22\test_8_22.vcxproj", "{C32E09CD-61C1-4582-856F-C8093E04CBE0}"
EndProject
Global
	GlobalSection(SolutionConfigurationPlatforms) = preSolution
		Debug|x64 = Debug|x64
		Debug|x86 = Debug|x86
		Release|x64 = Release|x64
		Release|x86 = Release|x86
	EndGlobalSection
	GlobalSection(ProjectConfigurationPlatforms) = postSolution
		{C32E09CD-61C1-4582-856F-C8093E04CBE0}.Debug|x64.ActiveCfg = Debug|x64
		{C32E09CD-61C1-4582-856F-C8093E04CBE0}.Debug|x64.Build.0 = Debug|x64
		{C32E09CD-61C1-4582-856F-C8093E04CBE0}.Debug|x86.ActiveCfg = Debug|Win32
		{C32E09CD-61C1-4582-856F-C8093E04CBE0}.Debug|x86.Build.0 = Debug|Win32
		{C32E09CD-61C1-4582-856F-C8093E04CBE0}.Release|x64.ActiveCfg = Release|x64
		{C32E09CD-61C1-4582-856F-C8093E04CBE0}.Release|x64.Build.0 = Release|x64
		{C32E09CD-61C1-4582-856F-C8093E04CBE0}.Release|x86.ActiveCfg = Release|Win32
		{C32E09CD-61C1-4582-856F-C8093E04CBE0}.Release|x86.Build.0 = Release|Win32
	EndGlobalSection
	GlobalSection(SolutionProperties) = preSolution
		HideSolutionNode = FALSE
	EndGlobalSection
	GlobalSection(ExtensibilityGlobals) = postSolution
		SolutionGuid = {26AA24F4-55DE-4EC3-9BE4-A9D8EF93C881}
	EndGlobalSection
EndGlobal
